
Microsoft Visual Studio Solution File, Format Version 12.00
# Visual Studio Version 16
VisualStudioVersion = 16.0.30907.101
MinimumVisualStudioVersion = 10.0.40219.1
Project("{9A19103F-16F7-4668-BE54-9A1E7A4F7556}") = "IdentityServer.Token", "IdentityServer.Token\IdentityServer.Token.csproj", "{8ABF1266-426D-4664-BFB5-08C79BEC1662}"
EndProject
Project("{9A19103F-16F7-4668-BE54-9A1E7A4F7556}") = "DoctorService.API", "DoctorService.API\DoctorService.API.csproj", "{AC46D5CC-782F-4DF0-BD86-DAF7ABCD7EDE}"
EndProject
Project("{9A19103F-16F7-4668-BE54-9A1E7A4F7556}") = "ConsoleClient", "ConsoleClient\ConsoleClient.csproj", "{08250837-96E4-4DBF-BB22-C86192414A2B}"
EndProject
Project("{9A19103F-16F7-4668-BE54-9A1E7A4F7556}") = "ConsoleClient2", "ConsoleClient2\ConsoleClient2.csproj", "{265ADF4E-9525-4264-A388-2C251A0F9182}"
EndProject
Global
	GlobalSection(SolutionConfigurationPlatforms) = preSolution
		Debug|Any CPU = Debug|Any CPU
		Release|Any CPU = Release|Any CPU
	EndGlobalSection
	GlobalSection(ProjectConfigurationPlatforms) = postSolution
		{8ABF1266-426D-4664-BFB5-08C79BEC1662}.Debug|Any CPU.ActiveCfg = Debug|Any CPU
		{8ABF1266-426D-4664-BFB5-08C79BEC1662}.Debug|Any CPU.Build.0 = Debug|Any CPU
		{8ABF1266-426D-4664-BFB5-08C79BEC1662}.Release|Any CPU.ActiveCfg = Release|Any CPU
		{8ABF1266-426D-4664-BFB5-08C79BEC1662}.Release|Any CPU.Build.0 = Release|Any CPU
		{AC46D5CC-782F-4DF0-BD86-DAF7ABCD7EDE}.Debug|Any CPU.ActiveCfg = Debug|Any CPU
		{AC46D5CC-782F-4DF0-BD86-DAF7ABCD7EDE}.Debug|Any CPU.Build.0 = Debug|Any CPU
		{AC46D5CC-782F-4DF0-BD86-DAF7ABCD7EDE}.Release|Any CPU.ActiveCfg = Release|Any CPU
		{AC46D5CC-782F-4DF0-BD86-DAF7ABCD7EDE}.Release|Any CPU.Build.0 = Release|Any CPU
		{08250837-96E4-4DBF-BB22-C86192414A2B}.Debug|Any CPU.ActiveCfg = Debug|Any CPU
		{08250837-96E4-4DBF-BB22-C86192414A2B}.Debug|Any CPU.Build.0 = Debug|Any CPU
		{08250837-96E4-4DBF-BB22-C86192414A2B}.Release|Any CPU.ActiveCfg = Release|Any CPU
		{08250837-96E4-4DBF-BB22-C86192414A2B}.Release|Any CPU.Build.0 = Release|Any CPU
		{265ADF4E-9525-4264-A388-2C251A0F9182}.Debug|Any CPU.ActiveCfg = Debug|Any CPU
		{265ADF4E-9525-4264-A388-2C251A0F9182}.Debug|Any CPU.Build.0 = Debug|Any CPU
		{265ADF4E-9525-4264-A388-2C251A0F9182}.Release|Any CPU.ActiveCfg = Release|Any CPU
		{265ADF4E-9525-4264-A388-2C251A0F9182}.Release|Any CPU.Build.0 = Release|Any CPU
	EndGlobalSection
	GlobalSection(SolutionProperties) = preSolution
		HideSolutionNode = FALSE
	EndGlobalSection
	GlobalSection(ExtensibilityGlobals) = postSolution
		SolutionGuid = {3C9AED38-DE6C-40EC-A02A-AD003FDAFBDA}
	EndGlobalSection
EndGlobal
